
Microsoft Visual Studio Solution File, Format Version 12.00
# Visual Studio Version 16
VisualStudioVersion = 16.0.31624.102
MinimumVisualStudioVersion = 10.0.40219.1
Project("{FAE04EC0-301F-11D3-BF4B-00C04F79EFBC}") = "Static_and_OOP", "Static_and_OOP\Static_and_OOP.csproj", "{A166B37B-2656-4427-9B65-131B59935D9F}"
EndProject
Global
	GlobalSection(SolutionConfigurationPlatforms) = preSolution
		Debug|Any CPU = Debug|Any CPU
		Release|Any CPU = Release|Any CPU
	EndGlobalSection
	GlobalSection(ProjectConfigurationPlatforms) = postSolution
		{A166B37B-2656-4427-9B65-131B59935D9F}.Debug|Any CPU.ActiveCfg = Debug|Any CPU
		{A166B37B-2656-4427-9B65-131B59935D9F}.Debug|Any CPU.Build.0 = Debug|Any CPU
		{A166B37B-2656-4427-9B65-131B59935D9F}.Release|Any CPU.ActiveCfg = Release|Any CPU
		{A166B37B-2656-4427-9B65-131B59935D9F}.Release|Any CPU.Build.0 = Release|Any CPU
	EndGlobalSection
	GlobalSection(SolutionProperties) = preSolution
		HideSolutionNode = FALSE
	EndGlobalSection
	GlobalSection(ExtensibilityGlobals) = postSolution
		SolutionGuid = {0333B4C4-E636-44AB-9E9F-26BFC6A07A67}
	EndGlobalSection
EndGlobal
